// !$*UTF8*$!
{
	archiveVersion = 1;
	classes = {
	};
	objectVersion = 56;
	objects = {

/* Begin PBXBuildFile section */
		0863A40E2AB7F0ED00553007 /* HexColorExtension.swift in Sources */ = {isa = PBXBuildFile; fileRef = 0863A40D2AB7F0ED00553007 /* HexColorExtension.swift */; };
		0863A4102AB7FAC400553007 /* SendMessageViewController.swift in Sources */ = {isa = PBXBuildFile; fileRef = 0863A40F2AB7FAC400553007 /* SendMessageViewController.swift */; };
		0863A4122AB7FAE700553007 /* ReadMessageViewController.swift in Sources */ = {isa = PBXBuildFile; fileRef = 0863A4112AB7FAE700553007 /* ReadMessageViewController.swift */; };
		086F24562AB742DE006E10FB /* AppDelegate.swift in Sources */ = {isa = PBXBuildFile; fileRef = 086F24552AB742DE006E10FB /* AppDelegate.swift */; };
		086F24582AB742DE006E10FB /* SceneDelegate.swift in Sources */ = {isa = PBXBuildFile; fileRef = 086F24572AB742DE006E10FB /* SceneDelegate.swift */; };
		086F245A2AB742DE006E10FB /* LoginViewController.swift in Sources */ = {isa = PBXBuildFile; fileRef = 086F24592AB742DE006E10FB /* LoginViewController.swift */; };
		086F245F2AB742DF006E10FB /* Assets.xcassets in Resources */ = {isa = PBXBuildFile; fileRef = 086F245E2AB742DF006E10FB /* Assets.xcassets */; };
		086F246A2AB743EF006E10FB /* MainViewController.swift in Sources */ = {isa = PBXBuildFile; fileRef = 086F24692AB743EF006E10FB /* MainViewController.swift */; };
		086F24722AB77288006E10FB /* PreviewExtension.swift in Sources */ = {isa = PBXBuildFile; fileRef = 086F24712AB77288006E10FB /* PreviewExtension.swift */; };
		086F24742AB7744F006E10FB /* login.riv in Resources */ = {isa = PBXBuildFile; fileRef = 086F24732AB7744F006E10FB /* login.riv */; };
		08E587CB2AB7DAF200EE26BB /* WebSocketManager.swift in Sources */ = {isa = PBXBuildFile; fileRef = 08E587CA2AB7DAF200EE26BB /* WebSocketManager.swift */; };
		6B31E203150012D539D02E98 /* Pods_RandomMessageApp.framework in Frameworks */ = {isa = PBXBuildFile; fileRef = E8B3225A5FA3EEDA85BE1C4B /* Pods_RandomMessageApp.framework */; };
/* End PBXBuildFile section */

/* Begin PBXFileReference section */
		0863A40D2AB7F0ED00553007 /* HexColorExtension.swift */ = {isa = PBXFileReference; lastKnownFileType = sourcecode.swift; path = HexColorExtension.swift; sourceTree = "<group>"; };
		0863A40F2AB7FAC400553007 /* SendMessageViewController.swift */ = {isa = PBXFileReference; lastKnownFileType = sourcecode.swift; path = SendMessageViewController.swift; sourceTree = "<group>"; };
		0863A4112AB7FAE700553007 /* ReadMessageViewController.swift */ = {isa = PBXFileReference; lastKnownFileType = sourcecode.swift; path = ReadMessageViewController.swift; sourceTree = "<group>"; };
		086F24522AB742DE006E10FB /* RandomMessageApp.app */ = {isa = PBXFileReference; explicitFileType = wrapper.application; includeInIndex = 0; path = RandomMessageApp.app; sourceTree = BUILT_PRODUCTS_DIR; };
		086F24552AB742DE006E10FB /* AppDelegate.swift */ = {isa = PBXFileReference; lastKnownFileType = sourcecode.swift; path = AppDelegate.swift; sourceTree = "<group>"; };
		086F24572AB742DE006E10FB /* SceneDelegate.swift */ = {isa = PBXFileReference; lastKnownFileType = sourcecode.swift; path = SceneDelegate.swift; sourceTree = "<group>"; };
		086F24592AB742DE006E10FB /* LoginViewController.swift */ = {isa = PBXFileReference; lastKnownFileType = sourcecode.swift; path = LoginViewController.swift; sourceTree = "<group>"; };
		086F245E2AB742DF006E10FB /* Assets.xcassets */ = {isa = PBXFileReference; lastKnownFileType = folder.assetcatalog; path = Assets.xcassets; sourceTree = "<group>"; };
		086F24632AB742DF006E10FB /* Info.plist */ = {isa = PBXFileReference; lastKnownFileType = text.plist.xml; path = Info.plist; sourceTree = "<group>"; };
		086F24692AB743EF006E10FB /* MainViewController.swift */ = {isa = PBXFileReference; lastKnownFileType = sourcecode.swift; path = MainViewController.swift; sourceTree = "<group>"; };
		086F24712AB77288006E10FB /* PreviewExtension.swift */ = {isa = PBXFileReference; lastKnownFileType = sourcecode.swift; path = PreviewExtension.swift; sourceTree = "<group>"; };
		086F24732AB7744F006E10FB /* login.riv */ = {isa = PBXFileReference; lastKnownFileType = file; name = login.riv; path = ../../../Downloads/login.riv; sourceTree = "<group>"; };
		08E587CA2AB7DAF200EE26BB /* WebSocketManager.swift */ = {isa = PBXFileReference; lastKnownFileType = sourcecode.swift; path = WebSocketManager.swift; sourceTree = "<group>"; };
		3330A9EEC283A1BC37FA3536 /* Pods-RandomMessageApp.debug.xcconfig */ = {isa = PBXFileReference; includeInIndex = 1; lastKnownFileType = text.xcconfig; name = "Pods-RandomMessageApp.debug.xcconfig"; path = "Target Support Files/Pods-RandomMessageApp/Pods-RandomMessageApp.debug.xcconfig"; sourceTree = "<group>"; };
		7389564CACCFE8BD0A1AA27F /* Pods-RandomMessageApp.release.xcconfig */ = {isa = PBXFileReference; includeInIndex = 1; lastKnownFileType = text.xcconfig; name = "Pods-RandomMessageApp.release.xcconfig"; path = "Target Support Files/Pods-RandomMessageApp/Pods-RandomMessageApp.release.xcconfig"; sourceTree = "<group>"; };
		E8B3225A5FA3EEDA85BE1C4B /* Pods_RandomMessageApp.framework */ = {isa = PBXFileReference; explicitFileType = wrapper.framework; includeInIndex = 0; path = Pods_RandomMessageApp.framework; sourceTree = BUILT_PRODUCTS_DIR; };
/* End PBXFileReference section */

/* Begin PBXFrameworksBuildPhase section */
		086F244F2AB742DE006E10FB /* Frameworks */ = {
			isa = PBXFrameworksBuildPhase;
			buildActionMask = 2147483647;
			files = (
				6B31E203150012D539D02E98 /* Pods_RandomMessageApp.framework in Frameworks */,
			);
			runOnlyForDeploymentPostprocessing = 0;
		};
/* End PBXFrameworksBuildPhase section */

/* Begin PBXGroup section */
		08615DF12AB8094D00C66D08 /* Delegate */ = {
			isa = PBXGroup;
			children = (
				086F24552AB742DE006E10FB /* AppDelegate.swift */,
				086F24572AB742DE006E10FB /* SceneDelegate.swift */,
			);
			path = Delegate;
			sourceTree = "<group>";
		};
		08615DF22AB8095B00C66D08 /* LoginViewController */ = {
			isa = PBXGroup;
			children = (
				086F24592AB742DE006E10FB /* LoginViewController.swift */,
			);
			path = LoginViewController;
			sourceTree = "<group>";
		};
		08615DF32AB8098000C66D08 /* MainViewController */ = {
			isa = PBXGroup;
			children = (
				086F24692AB743EF006E10FB /* MainViewController.swift */,
				08E587CA2AB7DAF200EE26BB /* WebSocketManager.swift */,
			);
			path = MainViewController;
			sourceTree = "<group>";
		};
		08615DF42AB8099900C66D08 /* Extension */ = {
			isa = PBXGroup;
			children = (
				086F24712AB77288006E10FB /* PreviewExtension.swift */,
				0863A40D2AB7F0ED00553007 /* HexColorExtension.swift */,
			);
			path = Extension;
			sourceTree = "<group>";
		};
		086F24492AB742DE006E10FB = {
			isa = PBXGroup;
			children = (
				086F246B2AB76E19006E10FB /* RiveAssets */,
				086F24542AB742DE006E10FB /* RandomMessageApp */,
				086F24532AB742DE006E10FB /* Products */,
				E21212930FA0112A7606FAA8 /* Pods */,
				DBD75B80C1E2985C299CCF2C /* Frameworks */,
			);
			sourceTree = "<group>";
		};
		086F24532AB742DE006E10FB /* Products */ = {
			isa = PBXGroup;
			children = (
				086F24522AB742DE006E10FB /* RandomMessageApp.app */,
			);
			name = Products;
			sourceTree = "<group>";
		};
		086F24542AB742DE006E10FB /* RandomMessageApp */ = {
			isa = PBXGroup;
			children = (
				08615DF42AB8099900C66D08 /* Extension */,
				08615DF32AB8098000C66D08 /* MainViewController */,
				08615DF22AB8095B00C66D08 /* LoginViewController */,
				08615DF12AB8094D00C66D08 /* Delegate */,
				0863A40F2AB7FAC400553007 /* SendMessageViewController.swift */,
				0863A4112AB7FAE700553007 /* ReadMessageViewController.swift */,
				086F245E2AB742DF006E10FB /* Assets.xcassets */,
				086F24632AB742DF006E10FB /* Info.plist */,
			);
			path = RandomMessageApp;
			sourceTree = "<group>";
		};
		086F246B2AB76E19006E10FB /* RiveAssets */ = {
			isa = PBXGroup;
			children = (
				086F24732AB7744F006E10FB /* login.riv */,
			);
			path = RiveAssets;
			sourceTree = "<group>";
		};
		DBD75B80C1E2985C299CCF2C /* Frameworks */ = {
			isa = PBXGroup;
			children = (
				E8B3225A5FA3EEDA85BE1C4B /* Pods_RandomMessageApp.framework */,
			);
			name = Frameworks;
			sourceTree = "<group>";
		};
		E21212930FA0112A7606FAA8 /* Pods */ = {
			isa = PBXGroup;
			children = (
				3330A9EEC283A1BC37FA3536 /* Pods-RandomMessageApp.debug.xcconfig */,
				7389564CACCFE8BD0A1AA27F /* Pods-RandomMessageApp.release.xcconfig */,
			);
			path = Pods;
			sourceTree = "<group>";
		};
/* End PBXGroup section */

/* Begin PBXNativeTarget section */
		086F24512AB742DE006E10FB /* RandomMessageApp */ = {
			isa = PBXNativeTarget;
			buildConfigurationList = 086F24662AB742DF006E10FB /* Build configuration list for PBXNativeTarget "RandomMessageApp" */;
			buildPhases = (
				08B642948193F7B52FA21FA3 /* [CP] Check Pods Manifest.lock */,
				086F244E2AB742DE006E10FB /* Sources */,
				086F244F2AB742DE006E10FB /* Frameworks */,
				086F24502AB742DE006E10FB /* Resources */,
				BA1CF1E4A4B58745EA97CDA1 /* [CP] Embed Pods Frameworks */,
			);
			buildRules = (
			);
			dependencies = (
			);
			name = RandomMessageApp;
			productName = RandomMessageApp;
			productReference = 086F24522AB742DE006E10FB /* RandomMessageApp.app */;
			productType = "com.apple.product-type.application";
		};
/* End PBXNativeTarget section */

/* Begin PBXProject section */
		086F244A2AB742DE006E10FB /* Project object */ = {
			isa = PBXProject;
			attributes = {
				BuildIndependentTargetsInParallel = 1;
				LastSwiftUpdateCheck = 1430;
				LastUpgradeCheck = 1430;
				TargetAttributes = {
					086F24512AB742DE006E10FB = {
						CreatedOnToolsVersion = 14.3.1;
					};
				};
			};
			buildConfigurationList = 086F244D2AB742DE006E10FB /* Build configuration list for PBXProject "RandomMessageApp" */;
			compatibilityVersion = "Xcode 14.0";
			developmentRegion = en;
			hasScannedForEncodings = 0;
			knownRegions = (
				en,
				Base,
			);
			mainGroup = 086F24492AB742DE006E10FB;
			productRefGroup = 086F24532AB742DE006E10FB /* Products */;
			projectDirPath = "";
			projectRoot = "";
			targets = (
				086F24512AB742DE006E10FB /* RandomMessageApp */,
			);
		};
/* End PBXProject section */

/* Begin PBXResourcesBuildPhase section */
		086F24502AB742DE006E10FB /* Resources */ = {
			isa = PBXResourcesBuildPhase;
			buildActionMask = 2147483647;
			files = (
				086F245F2AB742DF006E10FB /* Assets.xcassets in Resources */,
				086F24742AB7744F006E10FB /* login.riv in Resources */,
			);
			runOnlyForDeploymentPostprocessing = 0;
		};
/* End PBXResourcesBuildPhase section */

/* Begin PBXShellScriptBuildPhase section */
		08B642948193F7B52FA21FA3 /* [CP] Check Pods Manifest.lock */ = {
			isa = PBXShellScriptBuildPhase;
			buildActionMask = 2147483647;
			files = (
			);
			inputFileListPaths = (
			);
			inputPaths = (
				"${PODS_PODFILE_DIR_PATH}/Podfile.lock",
				"${PODS_ROOT}/Manifest.lock",
			);
			name = "[CP] Check Pods Manifest.lock";
			outputFileListPaths = (
			);
			outputPaths = (
				"$(DERIVED_FILE_DIR)/Pods-RandomMessageApp-checkManifestLockResult.txt",
			);
			runOnlyForDeploymentPostprocessing = 0;
			shellPath = /bin/sh;
			shellScript = "diff \"${PODS_PODFILE_DIR_PATH}/Podfile.lock\" \"${PODS_ROOT}/Manifest.lock\" > /dev/null\nif [ $? != 0 ] ; then\n    # print error to STDERR\n    echo \"error: The sandbox is not in sync with the Podfile.lock. Run 'pod install' or update your CocoaPods installation.\" >&2\n    exit 1\nfi\n# This output is used by Xcode 'outputs' to avoid re-running this script phase.\necho \"SUCCESS\" > \"${SCRIPT_OUTPUT_FILE_0}\"\n";
			showEnvVarsInLog = 0;
		};
		BA1CF1E4A4B58745EA97CDA1 /* [CP] Embed Pods Frameworks */ = {
			isa = PBXShellScriptBuildPhase;
			buildActionMask = 2147483647;
			files = (
			);
			inputFileListPaths = (
				"${PODS_ROOT}/Target Support Files/Pods-RandomMessageApp/Pods-RandomMessageApp-frameworks-${CONFIGURATION}-input-files.xcfilelist",
			);
			name = "[CP] Embed Pods Frameworks";
			outputFileListPaths = (
				"${PODS_ROOT}/Target Support Files/Pods-RandomMessageApp/Pods-RandomMessageApp-frameworks-${CONFIGURATION}-output-files.xcfilelist",
			);
			runOnlyForDeploymentPostprocessing = 0;
			shellPath = /bin/sh;
			shellScript = "\"${PODS_ROOT}/Target Support Files/Pods-RandomMessageApp/Pods-RandomMessageApp-frameworks.sh\"\n";
			showEnvVarsInLog = 0;
		};
/* End PBXShellScriptBuildPhase section */

/* Begin PBXSourcesBuildPhase section */
		086F244E2AB742DE006E10FB /* Sources */ = {
			isa = PBXSourcesBuildPhase;
			buildActionMask = 2147483647;
			files = (
				086F245A2AB742DE006E10FB /* LoginViewController.swift in Sources */,
				086F246A2AB743EF006E10FB /* MainViewController.swift in Sources */,
				0863A40E2AB7F0ED00553007 /* HexColorExtension.swift in Sources */,
				086F24722AB77288006E10FB /* PreviewExtension.swift in Sources */,
				086F24562AB742DE006E10FB /* AppDelegate.swift in Sources */,
				086F24582AB742DE006E10FB /* SceneDelegate.swift in Sources */,
				0863A4102AB7FAC400553007 /* SendMessageViewController.swift in Sources */,
				0863A4122AB7FAE700553007 /* ReadMessageViewController.swift in Sources */,
				08E587CB2AB7DAF200EE26BB /* WebSocketManager.swift in Sources */,
			);
			runOnlyForDeploymentPostprocessing = 0;
		};
/* End PBXSourcesBuildPhase section */

/* Begin XCBuildConfiguration section */
		086F24642AB742DF006E10FB /* Debug */ = {
			isa = XCBuildConfiguration;
			buildSettings = {
				ALWAYS_SEARCH_USER_PATHS = NO;
				CLANG_ANALYZER_NONNULL = YES;
				CLANG_ANALYZER_NUMBER_OBJECT_CONVERSION = YES_AGGRESSIVE;
				CLANG_CXX_LANGUAGE_STANDARD = "gnu++20";
				CLANG_ENABLE_MODULES = YES;
				CLANG_ENABLE_OBJC_ARC = YES;
				CLANG_ENABLE_OBJC_WEAK = YES;
				CLANG_WARN_BLOCK_CAPTURE_AUTORELEASING = YES;
				CLANG_WARN_BOOL_CONVERSION = YES;
				CLANG_WARN_COMMA = YES;
				CLANG_WARN_CONSTANT_CONVERSION = YES;
				CLANG_WARN_DEPRECATED_OBJC_IMPLEMENTATIONS = YES;
				CLANG_WARN_DIRECT_OBJC_ISA_USAGE = YES_ERROR;
				CLANG_WARN_DOCUMENTATION_COMMENTS = YES;
				CLANG_WARN_EMPTY_BODY = YES;
				CLANG_WARN_ENUM_CONVERSION = YES;
				CLANG_WARN_INFINITE_RECURSION = YES;
				CLANG_WARN_INT_CONVERSION = YES;
				CLANG_WARN_NON_LITERAL_NULL_CONVERSION = YES;
				CLANG_WARN_OBJC_IMPLICIT_RETAIN_SELF = YES;
				CLANG_WARN_OBJC_LITERAL_CONVERSION = YES;
				CLANG_WARN_OBJC_ROOT_CLASS = YES_ERROR;
				CLANG_WARN_QUOTED_INCLUDE_IN_FRAMEWORK_HEADER = YES;
				CLANG_WARN_RANGE_LOOP_ANALYSIS = YES;
				CLANG_WARN_STRICT_PROTOTYPES = YES;
				CLANG_WARN_SUSPICIOUS_MOVE = YES;
				CLANG_WARN_UNGUARDED_AVAILABILITY = YES_AGGRESSIVE;
				CLANG_WARN_UNREACHABLE_CODE = YES;
				CLANG_WARN__DUPLICATE_METHOD_MATCH = YES;
				COPY_PHASE_STRIP = NO;
				DEBUG_INFORMATION_FORMAT = dwarf;
				ENABLE_STRICT_OBJC_MSGSEND = YES;
				ENABLE_TESTABILITY = YES;
				GCC_C_LANGUAGE_STANDARD = gnu11;
				GCC_DYNAMIC_NO_PIC = NO;
				GCC_NO_COMMON_BLOCKS = YES;
				GCC_OPTIMIZATION_LEVEL = 0;
				GCC_PREPROCESSOR_DEFINITIONS = (
					"DEBUG=1",
					"$(inherited)",
				);
				GCC_WARN_64_TO_32_BIT_CONVERSION = YES;
				GCC_WARN_ABOUT_RETURN_TYPE = YES_ERROR;
				GCC_WARN_UNDECLARED_SELECTOR = YES;
				GCC_WARN_UNINITIALIZED_AUTOS = YES_AGGRESSIVE;
				GCC_WARN_UNUSED_FUNCTION = YES;
				GCC_WARN_UNUSED_VARIABLE = YES;
				IPHONEOS_DEPLOYMENT_TARGET = 16.4;
				MTL_ENABLE_DEBUG_INFO = INCLUDE_SOURCE;
				MTL_FAST_MATH = YES;
				ONLY_ACTIVE_ARCH = YES;
				SDKROOT = iphoneos;
				SWIFT_ACTIVE_COMPILATION_CONDITIONS = DEBUG;
				SWIFT_OPTIMIZATION_LEVEL = "-Onone";
			};
			name = Debug;
		};
		086F24652AB742DF006E10FB /* Release */ = {
			isa = XCBuildConfiguration;
			buildSettings = {
				ALWAYS_SEARCH_USER_PATHS = NO;
				CLANG_ANALYZER_NONNULL = YES;
				CLANG_ANALYZER_NUMBER_OBJECT_CONVERSION = YES_AGGRESSIVE;
				CLANG_CXX_LANGUAGE_STANDARD = "gnu++20";
				CLANG_ENABLE_MODULES = YES;
				CLANG_ENABLE_OBJC_ARC = YES;
				CLANG_ENABLE_OBJC_WEAK = YES;
				CLANG_WARN_BLOCK_CAPTURE_AUTORELEASING = YES;
				CLANG_WARN_BOOL_CONVERSION = YES;
				CLANG_WARN_COMMA = YES;
				CLANG_WARN_CONSTANT_CONVERSION = YES;
				CLANG_WARN_DEPRECATED_OBJC_IMPLEMENTATIONS = YES;
				CLANG_WARN_DIRECT_OBJC_ISA_USAGE = YES_ERROR;
				CLANG_WARN_DOCUMENTATION_COMMENTS = YES;
				CLANG_WARN_EMPTY_BODY = YES;
				CLANG_WARN_ENUM_CONVERSION = YES;
				CLANG_WARN_INFINITE_RECURSION = YES;
				CLANG_WARN_INT_CONVERSION = YES;
				CLANG_WARN_NON_LITERAL_NULL_CONVERSION = YES;
				CLANG_WARN_OBJC_IMPLICIT_RETAIN_SELF = YES;
				CLANG_WARN_OBJC_LITERAL_CONVERSION = YES;
				CLANG_WARN_OBJC_ROOT_CLASS = YES_ERROR;
				CLANG_WARN_QUOTED_INCLUDE_IN_FRAMEWORK_HEADER = YES;
				CLANG_WARN_RANGE_LOOP_ANALYSIS = YES;
				CLANG_WARN_STRICT_PROTOTYPES = YES;
				CLANG_WARN_SUSPICIOUS_MOVE = YES;
				CLANG_WARN_UNGUARDED_AVAILABILITY = YES_AGGRESSIVE;
				CLANG_WARN_UNREACHABLE_CODE = YES;
				CLANG_WARN__DUPLICATE_METHOD_MATCH = YES;
				COPY_PHASE_STRIP = NO;
				DEBUG_INFORMATION_FORMAT = "dwarf-with-dsym";
				ENABLE_NS_ASSERTIONS = NO;
				ENABLE_STRICT_OBJC_MSGSEND = YES;
				GCC_C_LANGUAGE_STANDARD = gnu11;
				GCC_NO_COMMON_BLOCKS = YES;
				GCC_WARN_64_TO_32_BIT_CONVERSION = YES;
				GCC_WARN_ABOUT_RETURN_TYPE = YES_ERROR;
				GCC_WARN_UNDECLARED_SELECTOR = YES;
				GCC_WARN_UNINITIALIZED_AUTOS = YES_AGGRESSIVE;
				GCC_WARN_UNUSED_FUNCTION = YES;
				GCC_WARN_UNUSED_VARIABLE = YES;
				IPHONEOS_DEPLOYMENT_TARGET = 16.4;
				MTL_ENABLE_DEBUG_INFO = NO;
				MTL_FAST_MATH = YES;
				SDKROOT = iphoneos;
				SWIFT_COMPILATION_MODE = wholemodule;
				SWIFT_OPTIMIZATION_LEVEL = "-O";
				VALIDATE_PRODUCT = YES;
			};
			name = Release;
		};
		086F24672AB742DF006E10FB /* Debug */ = {
			isa = XCBuildConfiguration;
			baseConfigurationReference = 3330A9EEC283A1BC37FA3536 /* Pods-RandomMessageApp.debug.xcconfig */;
			buildSettings = {
				ASSETCATALOG_COMPILER_APPICON_NAME = AppIcon;
				ASSETCATALOG_COMPILER_GLOBAL_ACCENT_COLOR_NAME = AccentColor;
				CODE_SIGN_STYLE = Automatic;
				CURRENT_PROJECT_VERSION = 1;
				DEVELOPMENT_TEAM = VGM28F2FH7;
				GENERATE_INFOPLIST_FILE = YES;
				INFOPLIST_FILE = RandomMessageApp/Info.plist;
				INFOPLIST_KEY_UIApplicationSupportsIndirectInputEvents = YES;
				INFOPLIST_KEY_UILaunchStoryboardName = LaunchScreen;
				INFOPLIST_KEY_UISupportedInterfaceOrientations_iPad = "UIInterfaceOrientationPortrait UIInterfaceOrientationPortraitUpsideDown UIInterfaceOrientationLandscapeLeft UIInterfaceOrientationLandscapeRight";
				INFOPLIST_KEY_UISupportedInterfaceOrientations_iPhone = "UIInterfaceOrientationPortrait UIInterfaceOrientationLandscapeLeft UIInterfaceOrientationLandscapeRight";
				IPHONEOS_DEPLOYMENT_TARGET = 15.0;
				LD_RUNPATH_SEARCH_PATHS = (
					"$(inherited)",
					"@executable_path/Frameworks",
				);
				MARKETING_VERSION = 1.0;
				PRODUCT_BUNDLE_IDENTIFIER = com.suojae3.RandomMessageApp;
				PRODUCT_NAME = "$(TARGET_NAME)";
				SUPPORTED_PLATFORMS = "iphoneos iphonesimulator";
				SUPPORTS_MACCATALYST = NO;
				SUPPORTS_MAC_DESIGNED_FOR_IPHONE_IPAD = NO;
				SWIFT_EMIT_LOC_STRINGS = YES;
				SWIFT_VERSION = 5.0;
				TARGETED_DEVICE_FAMILY = 1;
			};
			name = Debug;
		};
		086F24682AB742DF006E10FB /* Release */ = {
			isa = XCBuildConfiguration;
			baseConfigurationReference = 7389564CACCFE8BD0A1AA27F /* Pods-RandomMessageApp.release.xcconfig */;
			buildSettings = {
				ASSETCATALOG_COMPILER_APPICON_NAME = AppIcon;
				ASSETCATALOG_COMPILER_GLOBAL_ACCENT_COLOR_NAME = AccentColor;
				CODE_SIGN_STYLE = Automatic;
				CURRENT_PROJECT_VERSION = 1;
				DEVELOPMENT_TEAM = VGM28F2FH7;
				GENERATE_INFOPLIST_FILE = YES;
				INFOPLIST_FILE = RandomMessageApp/Info.plist;
				INFOPLIST_KEY_UIApplicationSupportsIndirectInputEvents = YES;
				INFOPLIST_KEY_UILaunchStoryboardName = LaunchScreen;
				INFOPLIST_KEY_UISupportedInterfaceOrientations_iPad = "UIInterfaceOrientationPortrait UIInterfaceOrientationPortraitUpsideDown UIInterfaceOrientationLandscapeLeft UIInterfaceOrientationLandscapeRight";
				INFOPLIST_KEY_UISupportedInterfaceOrientations_iPhone = "UIInterfaceOrientationPortrait UIInterfaceOrientationLandscapeLeft UIInterfaceOrientationLandscapeRight";
				IPHONEOS_DEPLOYMENT_TARGET = 15.0;
				LD_RUNPATH_SEARCH_PATHS = (
					"$(inherited)",
					"@executable_path/Frameworks",
				);
				MARKETING_VERSION = 1.0;
				PRODUCT_BUNDLE_IDENTIFIER = com.suojae3.RandomMessageApp;
				PRODUCT_NAME = "$(TARGET_NAME)";
				SUPPORTED_PLATFORMS = "iphoneos iphonesimulator";
				SUPPORTS_MACCATALYST = NO;
				SUPPORTS_MAC_DESIGNED_FOR_IPHONE_IPAD = NO;
				SWIFT_EMIT_LOC_STRINGS = YES;
				SWIFT_VERSION = 5.0;
				TARGETED_DEVICE_FAMILY = 1;
			};
			name = Release;
		};
/* End XCBuildConfiguration section */

/* Begin XCConfigurationList section */
		086F244D2AB742DE006E10FB /* Build configuration list for PBXProject "RandomMessageApp" */ = {
			isa = XCConfigurationList;
			buildConfigurations = (
				086F24642AB742DF006E10FB /* Debug */,
				086F24652AB742DF006E10FB /* Release */,
			);
			defaultConfigurationIsVisible = 0;
			defaultConfigurationName = Release;
		};
		086F24662AB742DF006E10FB /* Build configuration list for PBXNativeTarget "RandomMessageApp" */ = {
			isa = XCConfigurationList;
			buildConfigurations = (
				086F24672AB742DF006E10FB /* Debug */,
				086F24682AB742DF006E10FB /* Release */,
			);
			defaultConfigurationIsVisible = 0;
			defaultConfigurationName = Release;
		};
/* End XCConfigurationList section */
	};
	rootObject = 086F244A2AB742DE006E10FB /* Project object */;
}
